
Microsoft Visual Studio Solution File, Format Version 12.00
# Visual Studio Version 17
VisualStudioVersion = 17.0.31903.59
MinimumVisualStudioVersion = 10.0.40219.1
Project("{FAE04EC0-301F-11D3-BF4B-00C04F79EFBC}") = "mathexpress", "mathexpress\mathexpress.csproj", "{BB97521E-1E81-41C3-887A-738610A65510}"
EndProject
Project("{FAE04EC0-301F-11D3-BF4B-00C04F79EFBC}") = "mathexpress.tests", "mathexpress.tests\mathexpress.tests.csproj", "{E8E79632-3381-4A31-B600-135B4B8C6211}"
EndProject
Global
	GlobalSection(SolutionConfigurationPlatforms) = preSolution
		Debug|Any CPU = Debug|Any CPU
		Release|Any CPU = Release|Any CPU
	EndGlobalSection
	GlobalSection(SolutionProperties) = preSolution
		HideSolutionNode = FALSE
	EndGlobalSection
	GlobalSection(ProjectConfigurationPlatforms) = postSolution
		{BB97521E-1E81-41C3-887A-738610A65510}.Debug|Any CPU.ActiveCfg = Debug|Any CPU
		{BB97521E-1E81-41C3-887A-738610A65510}.Debug|Any CPU.Build.0 = Debug|Any CPU
		{BB97521E-1E81-41C3-887A-738610A65510}.Release|Any CPU.ActiveCfg = Release|Any CPU
		{BB97521E-1E81-41C3-887A-738610A65510}.Release|Any CPU.Build.0 = Release|Any CPU
		{E8E79632-3381-4A31-B600-135B4B8C6211}.Debug|Any CPU.ActiveCfg = Debug|Any CPU
		{E8E79632-3381-4A31-B600-135B4B8C6211}.Debug|Any CPU.Build.0 = Debug|Any CPU
		{E8E79632-3381-4A31-B600-135B4B8C6211}.Release|Any CPU.ActiveCfg = Release|Any CPU
		{E8E79632-3381-4A31-B600-135B4B8C6211}.Release|Any CPU.Build.0 = Release|Any CPU
	EndGlobalSection
EndGlobal
